{
  "requires": true,
  "lockfileVersion": 1,
  "dependencies": {
    "d3-selection": {
      "version": "1.4.2",
      "resolved": "https://registry.npmjs.org/d3-selection/-/d3-selection-1.4.2.tgz",
      "integrity": "sha512-SJ0BqYihzOjDnnlfyeHT0e30k0K1+5sR3d5fNueCNeuhZTnGw4M4o8mqJchSwgKMXCNFo+e2VTChiSJ0vYtXkg=="
    },
    "d3-textwrap": {
      "version": "3.0.0",
      "resolved": "https://registry.npmjs.org/d3-textwrap/-/d3-textwrap-3.0.0.tgz",
      "integrity": "sha512-Uj2YFm95i+bM4nu1+jIUJdB6U0sW/K0D506u6tYbTEkt0+SNeEWPJ8bZbvBHPhOqom/UK6hyrMAY7JYA6t6XIg==",
      "requires": {
        "d3-selection": "^1.0.2"
      }
    },
    "sticky-js": {
      "version": "1.3.0",
      "resolved": "https://registry.npmjs.org/sticky-js/-/sticky-js-1.3.0.tgz",
      "integrity": "sha512-X5zWjFrw7c2xE4tUtSeK7I+1o252JOyZOlzxsu1Q9qZ6hlk2NCd9Sr/AFxf8hfGkLnE1Pak+iLaDyd883LFRgw=="
    }
  }
}
